
Microsoft Visual Studio Solution File, Format Version 12.00
Project("{FAE04EC0-301F-11D3-BF4B-00C04F79EFBC}") = "TWeb48.Api", "TWeb48.Api\TWeb48.Api.csproj", "{A3BEE0B2-96ED-49F2-8A13-7AC2AA6CE2F9}"
EndProject
Project("{FAE04EC0-301F-11D3-BF4B-00C04F79EFBC}") = "TWeb48.Api.Reference", "TWeb48.Api.Reference\TWeb48.Api.Reference.csproj", "{26DB6559-8CA2-4DDB-A293-2F610D41E28C}"
EndProject
Project("{FAE04EC0-301F-11D3-BF4B-00C04F79EFBC}") = "TWeb48.Business", "TWeb48.Business\TWeb48.Business.csproj", "{2F59467E-C089-4815-84DE-C5B208540AAE}"
EndProject
Project("{FAE04EC0-301F-11D3-BF4B-00C04F79EFBC}") = "TWeb48.Data", "TWeb48.Data\TWeb48.Data.csproj", "{DBFE360B-92BF-480B-AA05-A5BE794340F3}"
EndProject
Global
	GlobalSection(SolutionConfigurationPlatforms) = preSolution
		Debug|Any CPU = Debug|Any CPU
		Release|Any CPU = Release|Any CPU
	EndGlobalSection
	GlobalSection(ProjectConfigurationPlatforms) = postSolution
		{A3BEE0B2-96ED-49F2-8A13-7AC2AA6CE2F9}.Debug|Any CPU.ActiveCfg = Debug|Any CPU
		{A3BEE0B2-96ED-49F2-8A13-7AC2AA6CE2F9}.Debug|Any CPU.Build.0 = Debug|Any CPU
		{A3BEE0B2-96ED-49F2-8A13-7AC2AA6CE2F9}.Release|Any CPU.ActiveCfg = Release|Any CPU
		{A3BEE0B2-96ED-49F2-8A13-7AC2AA6CE2F9}.Release|Any CPU.Build.0 = Release|Any CPU
		{26DB6559-8CA2-4DDB-A293-2F610D41E28C}.Debug|Any CPU.ActiveCfg = Debug|Any CPU
		{26DB6559-8CA2-4DDB-A293-2F610D41E28C}.Debug|Any CPU.Build.0 = Debug|Any CPU
		{26DB6559-8CA2-4DDB-A293-2F610D41E28C}.Release|Any CPU.ActiveCfg = Release|Any CPU
		{26DB6559-8CA2-4DDB-A293-2F610D41E28C}.Release|Any CPU.Build.0 = Release|Any CPU
		{2F59467E-C089-4815-84DE-C5B208540AAE}.Debug|Any CPU.ActiveCfg = Debug|Any CPU
		{2F59467E-C089-4815-84DE-C5B208540AAE}.Debug|Any CPU.Build.0 = Debug|Any CPU
		{2F59467E-C089-4815-84DE-C5B208540AAE}.Release|Any CPU.ActiveCfg = Release|Any CPU
		{2F59467E-C089-4815-84DE-C5B208540AAE}.Release|Any CPU.Build.0 = Release|Any CPU
		{DBFE360B-92BF-480B-AA05-A5BE794340F3}.Debug|Any CPU.ActiveCfg = Debug|Any CPU
		{DBFE360B-92BF-480B-AA05-A5BE794340F3}.Debug|Any CPU.Build.0 = Debug|Any CPU
		{DBFE360B-92BF-480B-AA05-A5BE794340F3}.Release|Any CPU.ActiveCfg = Release|Any CPU
		{DBFE360B-92BF-480B-AA05-A5BE794340F3}.Release|Any CPU.Build.0 = Release|Any CPU
	EndGlobalSection
EndGlobal
